{
  "name": "cli",
  "version": "0.0.1",
  "lockfileVersion": 1,
  "requires": true,
  "dependencies": {
    "@types/node": {
      "version": "12.12.41",
      "resolved": "https://registry.npmjs.org/@types/node/-/node-12.12.41.tgz",
      "integrity": "sha512-Q+eSkdYQJ2XK1AJnr4Ji8Gvk3sRDybEwfTvtL9CA25FFUSD2EgZQewN6VCyWYZCXg5MWZdwogdTNBhlWRcWS1w==",
      "dev": true
    }
  }
}
